
Microsoft Visual Studio Solution File, Format Version 12.00
# Visual Studio Version 17
VisualStudioVersion = 17.9.34701.34
MinimumVisualStudioVersion = 10.0.40219.1
Project("{FAE04EC0-301F-11D3-BF4B-00C04F79EFBC}") = "Motorcycle-Group-Ride", "Motorcycle-Group-Ride\Motorcycle-Group-Ride.csproj", "{2EE425C0-4379-4AEC-9865-A2E0D052738B}"
EndProject
Global
	GlobalSection(SolutionConfigurationPlatforms) = preSolution
		Debug|Any CPU = Debug|Any CPU
		Release|Any CPU = Release|Any CPU
	EndGlobalSection
	GlobalSection(ProjectConfigurationPlatforms) = postSolution
		{2EE425C0-4379-4AEC-9865-A2E0D052738B}.Debug|Any CPU.ActiveCfg = Debug|Any CPU
		{2EE425C0-4379-4AEC-9865-A2E0D052738B}.Debug|Any CPU.Build.0 = Debug|Any CPU
		{2EE425C0-4379-4AEC-9865-A2E0D052738B}.Release|Any CPU.ActiveCfg = Release|Any CPU
		{2EE425C0-4379-4AEC-9865-A2E0D052738B}.Release|Any CPU.Build.0 = Release|Any CPU
	EndGlobalSection
	GlobalSection(SolutionProperties) = preSolution
		HideSolutionNode = FALSE
	EndGlobalSection
	GlobalSection(ExtensibilityGlobals) = postSolution
		SolutionGuid = {45632031-5E56-4DD1-BE17-5C4F925C1830}
	EndGlobalSection
EndGlobal
